
Microsoft Visual Studio Solution File, Format Version 12.00
# Visual Studio Version 16
VisualStudioVersion = 16.0.31402.337
MinimumVisualStudioVersion = 10.0.40219.1
Project("{8BC9CEB8-8B4A-11D0-8D11-00A0C91BC942}") = "mandelbrot2", "mandelbrot2\mandelbrot2.vcxproj", "{509AA6AF-10E3-44DF-A36E-565070B9BCEC}"
EndProject
Global
	GlobalSection(SolutionConfigurationPlatforms) = preSolution
		Debug|x64 = Debug|x64
		Debug|x86 = Debug|x86
		Release|x64 = Release|x64
		Release|x86 = Release|x86
	EndGlobalSection
	GlobalSection(ProjectConfigurationPlatforms) = postSolution
		{509AA6AF-10E3-44DF-A36E-565070B9BCEC}.Debug|x64.ActiveCfg = Debug|x64
		{509AA6AF-10E3-44DF-A36E-565070B9BCEC}.Debug|x64.Build.0 = Debug|x64
		{509AA6AF-10E3-44DF-A36E-565070B9BCEC}.Debug|x86.ActiveCfg = Debug|Win32
		{509AA6AF-10E3-44DF-A36E-565070B9BCEC}.Debug|x86.Build.0 = Debug|Win32
		{509AA6AF-10E3-44DF-A36E-565070B9BCEC}.Release|x64.ActiveCfg = Release|x64
		{509AA6AF-10E3-44DF-A36E-565070B9BCEC}.Release|x64.Build.0 = Release|x64
		{509AA6AF-10E3-44DF-A36E-565070B9BCEC}.Release|x86.ActiveCfg = Release|Win32
		{509AA6AF-10E3-44DF-A36E-565070B9BCEC}.Release|x86.Build.0 = Release|Win32
	EndGlobalSection
	GlobalSection(SolutionProperties) = preSolution
		HideSolutionNode = FALSE
	EndGlobalSection
	GlobalSection(ExtensibilityGlobals) = postSolution
		SolutionGuid = {7F38C0D0-155A-4A56-AB96-55656D4D7DC0}
	EndGlobalSection
EndGlobal
